
Microsoft Visual Studio Solution File, Format Version 12.00
# Visual Studio Version 17
VisualStudioVersion = 17.7.34024.191
MinimumVisualStudioVersion = 10.0.40219.1
Project("{FAE04EC0-301F-11D3-BF4B-00C04F79EFBC}") = "01.RecursiveArraySum", "01.RecursiveArraySum\01.RecursiveArraySum.csproj", "{1209FCBC-70BC-4200-86B0-0DA7048FACB8}"
EndProject
Project("{FAE04EC0-301F-11D3-BF4B-00C04F79EFBC}") = "02.RecursiveFactorial", "02.RecursiveFactorial\02.RecursiveFactorial.csproj", "{2E1E2B14-A4B2-4C34-9B2E-0D24EBB0AF30}"
EndProject
Project("{9A19103F-16F7-4668-BE54-9A1E7A4F7556}") = "SumOfCoins", "03.SumOfCoins\SumOfCoins.csproj", "{6596736F-0006-4F19-A8EB-71BE7CCC82D9}"
EndProject
Project("{9A19103F-16F7-4668-BE54-9A1E7A4F7556}") = "SetCover", "04.SetCover\SetCover.csproj", "{21792903-4A4C-4C56-9CFB-FEC63BF828B7}"
EndProject
Global
	GlobalSection(SolutionConfigurationPlatforms) = preSolution
		Debug|Any CPU = Debug|Any CPU
		Release|Any CPU = Release|Any CPU
	EndGlobalSection
	GlobalSection(ProjectConfigurationPlatforms) = postSolution
		{1209FCBC-70BC-4200-86B0-0DA7048FACB8}.Debug|Any CPU.ActiveCfg = Debug|Any CPU
		{1209FCBC-70BC-4200-86B0-0DA7048FACB8}.Debug|Any CPU.Build.0 = Debug|Any CPU
		{1209FCBC-70BC-4200-86B0-0DA7048FACB8}.Release|Any CPU.ActiveCfg = Release|Any CPU
		{1209FCBC-70BC-4200-86B0-0DA7048FACB8}.Release|Any CPU.Build.0 = Release|Any CPU
		{2E1E2B14-A4B2-4C34-9B2E-0D24EBB0AF30}.Debug|Any CPU.ActiveCfg = Debug|Any CPU
		{2E1E2B14-A4B2-4C34-9B2E-0D24EBB0AF30}.Debug|Any CPU.Build.0 = Debug|Any CPU
		{2E1E2B14-A4B2-4C34-9B2E-0D24EBB0AF30}.Release|Any CPU.ActiveCfg = Release|Any CPU
		{2E1E2B14-A4B2-4C34-9B2E-0D24EBB0AF30}.Release|Any CPU.Build.0 = Release|Any CPU
		{6596736F-0006-4F19-A8EB-71BE7CCC82D9}.Debug|Any CPU.ActiveCfg = Debug|Any CPU
		{6596736F-0006-4F19-A8EB-71BE7CCC82D9}.Debug|Any CPU.Build.0 = Debug|Any CPU
		{6596736F-0006-4F19-A8EB-71BE7CCC82D9}.Release|Any CPU.ActiveCfg = Release|Any CPU
		{6596736F-0006-4F19-A8EB-71BE7CCC82D9}.Release|Any CPU.Build.0 = Release|Any CPU
		{21792903-4A4C-4C56-9CFB-FEC63BF828B7}.Debug|Any CPU.ActiveCfg = Debug|Any CPU
		{21792903-4A4C-4C56-9CFB-FEC63BF828B7}.Debug|Any CPU.Build.0 = Debug|Any CPU
		{21792903-4A4C-4C56-9CFB-FEC63BF828B7}.Release|Any CPU.ActiveCfg = Release|Any CPU
		{21792903-4A4C-4C56-9CFB-FEC63BF828B7}.Release|Any CPU.Build.0 = Release|Any CPU
	EndGlobalSection
	GlobalSection(SolutionProperties) = preSolution
		HideSolutionNode = FALSE
	EndGlobalSection
	GlobalSection(ExtensibilityGlobals) = postSolution
		SolutionGuid = {C9141324-7840-40FE-A1D0-F73F965A3E4C}
	EndGlobalSection
EndGlobal
