
Microsoft Visual Studio Solution File, Format Version 12.00
# Visual Studio Version 17
VisualStudioVersion = 17.7.34024.191
MinimumVisualStudioVersion = 10.0.40219.1
Project("{FAE04EC0-301F-11D3-BF4B-00C04F79EFBC}") = "01. Temple of Doom", "01. Temple of Doom\01. Temple of Doom.csproj", "{82194DC1-7D13-4916-9633-B15D5CA8D252}"
EndProject
Project("{FAE04EC0-301F-11D3-BF4B-00C04F79EFBC}") = "02. Mouse In The Kitchen", "02. Mouse In The Kitchen\02. Mouse In The Kitchen.csproj", "{973867D8-B476-4770-8F87-4C0F2A441519}"
EndProject
Global
	GlobalSection(SolutionConfigurationPlatforms) = preSolution
		Debug|Any CPU = Debug|Any CPU
		Release|Any CPU = Release|Any CPU
	EndGlobalSection
	GlobalSection(ProjectConfigurationPlatforms) = postSolution
		{82194DC1-7D13-4916-9633-B15D5CA8D252}.Debug|Any CPU.ActiveCfg = Debug|Any CPU
		{82194DC1-7D13-4916-9633-B15D5CA8D252}.Debug|Any CPU.Build.0 = Debug|Any CPU
		{82194DC1-7D13-4916-9633-B15D5CA8D252}.Release|Any CPU.ActiveCfg = Release|Any CPU
		{82194DC1-7D13-4916-9633-B15D5CA8D252}.Release|Any CPU.Build.0 = Release|Any CPU
		{973867D8-B476-4770-8F87-4C0F2A441519}.Debug|Any CPU.ActiveCfg = Debug|Any CPU
		{973867D8-B476-4770-8F87-4C0F2A441519}.Debug|Any CPU.Build.0 = Debug|Any CPU
		{973867D8-B476-4770-8F87-4C0F2A441519}.Release|Any CPU.ActiveCfg = Release|Any CPU
		{973867D8-B476-4770-8F87-4C0F2A441519}.Release|Any CPU.Build.0 = Release|Any CPU
	EndGlobalSection
	GlobalSection(SolutionProperties) = preSolution
		HideSolutionNode = FALSE
	EndGlobalSection
	GlobalSection(ExtensibilityGlobals) = postSolution
		SolutionGuid = {37B751C6-2B1D-4592-95C3-6A4A84670469}
	EndGlobalSection
EndGlobal
