
Microsoft Visual Studio Solution File, Format Version 12.00
# Visual Studio Version 17
VisualStudioVersion = 17.7.34024.191
MinimumVisualStudioVersion = 10.0.40219.1
Project("{FAE04EC0-301F-11D3-BF4B-00C04F79EFBC}") = "01. Rubber Duck Debugers", "01. Rubber Duck Debugers\01. Rubber Duck Debugers.csproj", "{569527BB-D402-48EC-9950-365282F8AC08}"
EndProject
Project("{FAE04EC0-301F-11D3-BF4B-00C04F79EFBC}") = "02. The Squirrel", "02. The Squirrel\02. The Squirrel.csproj", "{306F13EA-FEDF-40D8-A013-9CBDCBA7D83D}"
EndProject
Project("{9A19103F-16F7-4668-BE54-9A1E7A4F7556}") = "ClothesMagazine", "03.ClothingMagazine\ClothesMagazine.csproj", "{AF752C0B-07E4-4CAC-A394-C6EABE74FE94}"
EndProject
Global
	GlobalSection(SolutionConfigurationPlatforms) = preSolution
		Debug|Any CPU = Debug|Any CPU
		Release|Any CPU = Release|Any CPU
	EndGlobalSection
	GlobalSection(ProjectConfigurationPlatforms) = postSolution
		{569527BB-D402-48EC-9950-365282F8AC08}.Debug|Any CPU.ActiveCfg = Debug|Any CPU
		{569527BB-D402-48EC-9950-365282F8AC08}.Debug|Any CPU.Build.0 = Debug|Any CPU
		{569527BB-D402-48EC-9950-365282F8AC08}.Release|Any CPU.ActiveCfg = Release|Any CPU
		{569527BB-D402-48EC-9950-365282F8AC08}.Release|Any CPU.Build.0 = Release|Any CPU
		{306F13EA-FEDF-40D8-A013-9CBDCBA7D83D}.Debug|Any CPU.ActiveCfg = Debug|Any CPU
		{306F13EA-FEDF-40D8-A013-9CBDCBA7D83D}.Debug|Any CPU.Build.0 = Debug|Any CPU
		{306F13EA-FEDF-40D8-A013-9CBDCBA7D83D}.Release|Any CPU.ActiveCfg = Release|Any CPU
		{306F13EA-FEDF-40D8-A013-9CBDCBA7D83D}.Release|Any CPU.Build.0 = Release|Any CPU
		{AF752C0B-07E4-4CAC-A394-C6EABE74FE94}.Debug|Any CPU.ActiveCfg = Debug|Any CPU
		{AF752C0B-07E4-4CAC-A394-C6EABE74FE94}.Debug|Any CPU.Build.0 = Debug|Any CPU
		{AF752C0B-07E4-4CAC-A394-C6EABE74FE94}.Release|Any CPU.ActiveCfg = Release|Any CPU
		{AF752C0B-07E4-4CAC-A394-C6EABE74FE94}.Release|Any CPU.Build.0 = Release|Any CPU
	EndGlobalSection
	GlobalSection(SolutionProperties) = preSolution
		HideSolutionNode = FALSE
	EndGlobalSection
	GlobalSection(ExtensibilityGlobals) = postSolution
		SolutionGuid = {47D67914-6B66-425E-B3B2-F2C3FE387680}
	EndGlobalSection
EndGlobal
