
Microsoft Visual Studio Solution File, Format Version 12.00
# Visual Studio Version 17
VisualStudioVersion = 17.7.34024.191
MinimumVisualStudioVersion = 10.0.40219.1
Project("{FAE04EC0-301F-11D3-BF4B-00C04F79EFBC}") = "01.MonsterExtermination", "01.MonsterExtermination\01.MonsterExtermination.csproj", "{B7C6842A-A24A-4688-A779-C7D1B601412B}"
EndProject
Project("{FAE04EC0-301F-11D3-BF4B-00C04F79EFBC}") = "02. Delivery Boy", "02. Delivery Boy\02. Delivery Boy.csproj", "{3C928AFF-9CB8-4BF8-8E74-DD0948C87382}"
EndProject
Global
	GlobalSection(SolutionConfigurationPlatforms) = preSolution
		Debug|Any CPU = Debug|Any CPU
		Release|Any CPU = Release|Any CPU
	EndGlobalSection
	GlobalSection(ProjectConfigurationPlatforms) = postSolution
		{B7C6842A-A24A-4688-A779-C7D1B601412B}.Debug|Any CPU.ActiveCfg = Debug|Any CPU
		{B7C6842A-A24A-4688-A779-C7D1B601412B}.Debug|Any CPU.Build.0 = Debug|Any CPU
		{B7C6842A-A24A-4688-A779-C7D1B601412B}.Release|Any CPU.ActiveCfg = Release|Any CPU
		{B7C6842A-A24A-4688-A779-C7D1B601412B}.Release|Any CPU.Build.0 = Release|Any CPU
		{3C928AFF-9CB8-4BF8-8E74-DD0948C87382}.Debug|Any CPU.ActiveCfg = Debug|Any CPU
		{3C928AFF-9CB8-4BF8-8E74-DD0948C87382}.Debug|Any CPU.Build.0 = Debug|Any CPU
		{3C928AFF-9CB8-4BF8-8E74-DD0948C87382}.Release|Any CPU.ActiveCfg = Release|Any CPU
		{3C928AFF-9CB8-4BF8-8E74-DD0948C87382}.Release|Any CPU.Build.0 = Release|Any CPU
	EndGlobalSection
	GlobalSection(SolutionProperties) = preSolution
		HideSolutionNode = FALSE
	EndGlobalSection
	GlobalSection(ExtensibilityGlobals) = postSolution
		SolutionGuid = {67AB105E-B57A-43F9-B96F-E472FA36E2F4}
	EndGlobalSection
EndGlobal
