
Microsoft Visual Studio Solution File, Format Version 12.00
# Visual Studio Version 17
VisualStudioVersion = 17.7.34024.191
MinimumVisualStudioVersion = 10.0.40219.1
Project("{FAE04EC0-301F-11D3-BF4B-00C04F79EFBC}") = "01. Sort Even Numbers", "01. Sort Even Numbers\01. Sort Even Numbers.csproj", "{436B7E5F-3F73-4FB0-9F4F-E21DCA7F7183}"
EndProject
Project("{FAE04EC0-301F-11D3-BF4B-00C04F79EFBC}") = "02. Sum Numbers", "02. Sum Numbers\02. Sum Numbers.csproj", "{15B367B0-16DC-49DC-8272-C5CC09A210D4}"
EndProject
Project("{FAE04EC0-301F-11D3-BF4B-00C04F79EFBC}") = "03. Count Uppercase Words", "03. Count Uppercase Words\03. Count Uppercase Words.csproj", "{BA5BE77A-B78D-4EE3-87AF-97CB9AADEFFA}"
EndProject
Project("{FAE04EC0-301F-11D3-BF4B-00C04F79EFBC}") = "04. Add VAT", "04. Add VAT\04. Add VAT.csproj", "{4F82DCD1-0662-474B-8840-DBD2D4208F6B}"
EndProject
Project("{FAE04EC0-301F-11D3-BF4B-00C04F79EFBC}") = "05. Filter By Age", "05. Filter By Age\05. Filter By Age.csproj", "{21914A21-77C7-4AB7-A601-04680854017E}"
EndProject
Global
	GlobalSection(SolutionConfigurationPlatforms) = preSolution
		Debug|Any CPU = Debug|Any CPU
		Release|Any CPU = Release|Any CPU
	EndGlobalSection
	GlobalSection(ProjectConfigurationPlatforms) = postSolution
		{436B7E5F-3F73-4FB0-9F4F-E21DCA7F7183}.Debug|Any CPU.ActiveCfg = Debug|Any CPU
		{436B7E5F-3F73-4FB0-9F4F-E21DCA7F7183}.Debug|Any CPU.Build.0 = Debug|Any CPU
		{436B7E5F-3F73-4FB0-9F4F-E21DCA7F7183}.Release|Any CPU.ActiveCfg = Release|Any CPU
		{436B7E5F-3F73-4FB0-9F4F-E21DCA7F7183}.Release|Any CPU.Build.0 = Release|Any CPU
		{15B367B0-16DC-49DC-8272-C5CC09A210D4}.Debug|Any CPU.ActiveCfg = Debug|Any CPU
		{15B367B0-16DC-49DC-8272-C5CC09A210D4}.Debug|Any CPU.Build.0 = Debug|Any CPU
		{15B367B0-16DC-49DC-8272-C5CC09A210D4}.Release|Any CPU.ActiveCfg = Release|Any CPU
		{15B367B0-16DC-49DC-8272-C5CC09A210D4}.Release|Any CPU.Build.0 = Release|Any CPU
		{BA5BE77A-B78D-4EE3-87AF-97CB9AADEFFA}.Debug|Any CPU.ActiveCfg = Debug|Any CPU
		{BA5BE77A-B78D-4EE3-87AF-97CB9AADEFFA}.Debug|Any CPU.Build.0 = Debug|Any CPU
		{BA5BE77A-B78D-4EE3-87AF-97CB9AADEFFA}.Release|Any CPU.ActiveCfg = Release|Any CPU
		{BA5BE77A-B78D-4EE3-87AF-97CB9AADEFFA}.Release|Any CPU.Build.0 = Release|Any CPU
		{4F82DCD1-0662-474B-8840-DBD2D4208F6B}.Debug|Any CPU.ActiveCfg = Debug|Any CPU
		{4F82DCD1-0662-474B-8840-DBD2D4208F6B}.Debug|Any CPU.Build.0 = Debug|Any CPU
		{4F82DCD1-0662-474B-8840-DBD2D4208F6B}.Release|Any CPU.ActiveCfg = Release|Any CPU
		{4F82DCD1-0662-474B-8840-DBD2D4208F6B}.Release|Any CPU.Build.0 = Release|Any CPU
		{21914A21-77C7-4AB7-A601-04680854017E}.Debug|Any CPU.ActiveCfg = Debug|Any CPU
		{21914A21-77C7-4AB7-A601-04680854017E}.Debug|Any CPU.Build.0 = Debug|Any CPU
		{21914A21-77C7-4AB7-A601-04680854017E}.Release|Any CPU.ActiveCfg = Release|Any CPU
		{21914A21-77C7-4AB7-A601-04680854017E}.Release|Any CPU.Build.0 = Release|Any CPU
	EndGlobalSection
	GlobalSection(SolutionProperties) = preSolution
		HideSolutionNode = FALSE
	EndGlobalSection
	GlobalSection(ExtensibilityGlobals) = postSolution
		SolutionGuid = {D5ED7538-ED15-40B7-9EFA-A8A12437071C}
	EndGlobalSection
EndGlobal
